
Microsoft Visual Studio Solution File, Format Version 12.00
# Visual Studio 15
VisualStudioVersion = 15.0.28307.779
MinimumVisualStudioVersion = 10.0.40219.1
Project("{FAE04EC0-301F-11D3-BF4B-00C04F79EFBC}") = "ClassLibrary", "ClassLibrary\ClassLibrary.csproj", "{41CE2EC3-0A90-49E9-AABF-FBCD87D613CD}"
EndProject
Project("{FAE04EC0-301F-11D3-BF4B-00C04F79EFBC}") = "LinkedListHelpersTest", "LinkedListHelpersTest\LinkedListHelpersTest.csproj", "{D4A55928-5B85-4DAD-ADD9-EDE144606D18}"
EndProject
Global
	GlobalSection(SolutionConfigurationPlatforms) = preSolution
		Debug|Any CPU = Debug|Any CPU
		Release|Any CPU = Release|Any CPU
	EndGlobalSection
	GlobalSection(ProjectConfigurationPlatforms) = postSolution
		{41CE2EC3-0A90-49E9-AABF-FBCD87D613CD}.Debug|Any CPU.ActiveCfg = Debug|Any CPU
		{41CE2EC3-0A90-49E9-AABF-FBCD87D613CD}.Debug|Any CPU.Build.0 = Debug|Any CPU
		{41CE2EC3-0A90-49E9-AABF-FBCD87D613CD}.Release|Any CPU.ActiveCfg = Release|Any CPU
		{41CE2EC3-0A90-49E9-AABF-FBCD87D613CD}.Release|Any CPU.Build.0 = Release|Any CPU
		{D4A55928-5B85-4DAD-ADD9-EDE144606D18}.Debug|Any CPU.ActiveCfg = Debug|Any CPU
		{D4A55928-5B85-4DAD-ADD9-EDE144606D18}.Debug|Any CPU.Build.0 = Debug|Any CPU
		{D4A55928-5B85-4DAD-ADD9-EDE144606D18}.Release|Any CPU.ActiveCfg = Release|Any CPU
		{D4A55928-5B85-4DAD-ADD9-EDE144606D18}.Release|Any CPU.Build.0 = Release|Any CPU
	EndGlobalSection
	GlobalSection(SolutionProperties) = preSolution
		HideSolutionNode = FALSE
	EndGlobalSection
	GlobalSection(ExtensibilityGlobals) = postSolution
		SolutionGuid = {62D20D2C-79BB-4BE6-993D-EDE2577EC032}
	EndGlobalSection
EndGlobal
